PODS:
  - gearui_sample (1.0)
  - OpenKuiklyIOSRender (2.27.0)
  - SDWebImage (5.20.1):
    - SDWebImage/Core (= 5.20.1)
  - SDWebImage/Core (5.20.1)

DEPENDENCIES:
  - gearui_sample (from `../`)
  - OpenKuiklyIOSRender (from `https://github.com/Tencent-TDS/KuiklyUI.git`, tag `2.27.0`)
  - SDWebImage (~> 5.20.1)

SPEC REPOS:
  trunk:
    - SDWebImage

EXTERNAL SOURCES:
  gearui_sample:
    :path: "../"
  OpenKuiklyIOSRender:
    :git: https://github.com/Tencent-TDS/KuiklyUI.git
    :tag: 2.27.0

CHECKOUT OPTIONS:
  OpenKuiklyIOSRender:
    :git: https://github.com/Tencent-TDS/KuiklyUI.git
    :tag: 2.27.0

SPEC CHECKSUMS:
  gearui_sample: c66dea8c6e09d758a50125fa8dad83271ed23e40
  OpenKuiklyIOSRender: bcfc028d5c3e40311db742909d4cf15019b9ce41
  SDWebImage: 33d0f23bddeb5d209ae959153883247be6703713

PODFILE CHECKSUM: 2f6542773d75c8d1ecddde881318c027db4821b8

COCOAPODS: 1.16.2
