// !$*UTF8*$!
{
	archiveVersion = 1;
	classes = {
	};
	objectVersion = 56;
	objects = {

/* Begin PBXBuildFile section */
		3DB71476A3064F19FFE89D33 /* Pods_iosApp.framework in Frameworks */ = {isa = PBXBuildFile; fileRef = 197E3A74CDB639A578EA8910 /* Pods_iosApp.framework */; };
		4822EA8AB5F957A5277CB7FC /* project.yml in Resources */ = {isa = PBXBuildFile; fileRef = 07ADBFD2419CB84A2A6B10ED /* project.yml */; };
		5EDFE3F8F7E4B21E0D3EC5A1 /* Pods.xcodeproj in Frameworks */ = {isa = PBXBuildFile; fileRef = 848D4E59D680988E8233C5BA /* Pods.xcodeproj */; };
		6C9A5F7DDB86109358F85D5E /* KuiklyRenderViewPage.swift in Sources */ = {isa = PBXBuildFile; fileRef = 755C87BB2DE583E92C0DB459 /* KuiklyRenderViewPage.swift */; };
		8B01BA54D5C99B4D5A2AC645 /* iosApp.swift in Sources */ = {isa = PBXBuildFile; fileRef = CFF132B182F55938F5B68FBA /* iosApp.swift */; };
		BE343F675912DE31CD772CA6 /* KuiklyRenderViewController.m in Sources */ = {isa = PBXBuildFile; fileRef = FAA40AF1A2D2C5985CC98380 /* KuiklyRenderViewController.m */; };
		DC0A7F0AEF1BF6CE3E6F24A7 /* ContentView.swift in Sources */ = {isa = PBXBuildFile; fileRef = 88086D2B382ADE371AAE1A57 /* ContentView.swift */; };
		EFA98E5CFD6269B084AA687C /* Assets.xcassets in Resources */ = {isa = PBXBuildFile; fileRef = 750BF869EB1D3D141E59A2AD /* Assets.xcassets */; };
/* End PBXBuildFile section */

/* Begin PBXContainerItemProxy section */
		0564C2A62F35B1C300FE7D7E /* PBXContainerItemProxy */ = {
			isa = PBXContainerItemProxy;
			containerPortal = 848D4E59D680988E8233C5BA /* Pods.xcodeproj */;
			proxyType = 2;
			remoteGlobalIDString = 7D359C86300CB0C245C94BD23C569E07;
			remoteInfo = OpenKuiklyIOSRender;
		};
		0564C2A82F35B1C300FE7D7E /* PBXContainerItemProxy */ = {
			isa = PBXContainerItemProxy;
			containerPortal = 848D4E59D680988E8233C5BA /* Pods.xcodeproj */;
			proxyType = 2;
			remoteGlobalIDString = B097DD7534E741D5C41838011D755842;
			remoteInfo = "Pods-iosApp";
		};
		0564C2AA2F35B1C300FE7D7E /* PBXContainerItemProxy */ = {
			isa = PBXContainerItemProxy;
			containerPortal = 848D4E59D680988E8233C5BA /* Pods.xcodeproj */;
			proxyType = 2;
			remoteGlobalIDString = B0B214D775196BA7CA8E17E53048A493;
			remoteInfo = SDWebImage;
		};
		0564C2AC2F35B1C300FE7D7E /* PBXContainerItemProxy */ = {
			isa = PBXContainerItemProxy;
			containerPortal = 848D4E59D680988E8233C5BA /* Pods.xcodeproj */;
			proxyType = 2;
			remoteGlobalIDString = CF1281E58AA1045D4B7F33FC56691C42;
			remoteInfo = "SDWebImage-SDWebImage";
		};
/* End PBXContainerItemProxy section */

/* Begin PBXFileReference section */
		07ADBFD2419CB84A2A6B10ED /* project.yml */ = {isa = PBXFileReference; lastKnownFileType = text.yaml; path = project.yml; sourceTree = "<group>"; };
		138F660098E5643467138E54 /* Pods-iosApp.release.xcconfig */ = {isa = PBXFileReference; includeInIndex = 1; lastKnownFileType = text.xcconfig; name = "Pods-iosApp.release.xcconfig"; path = "Target Support Files/Pods-iosApp/Pods-iosApp.release.xcconfig"; sourceTree = "<group>"; };
		197E3A74CDB639A578EA8910 /* Pods_iosApp.framework */ = {isa = PBXFileReference; explicitFileType = wrapper.framework; includeInIndex = 0; path = Pods_iosApp.framework; sourceTree = BUILT_PRODUCTS_DIR; };
		41DA8A612E3CF7F251E4C8AD /* Info.plist */ = {isa = PBXFileReference; lastKnownFileType = text.plist; path = Info.plist; sourceTree = "<group>"; };
		4ADB0C48AC21BADD60DB1B2E /* Pods-iosApp.debug.xcconfig */ = {isa = PBXFileReference; includeInIndex = 1; lastKnownFileType = text.xcconfig; name = "Pods-iosApp.debug.xcconfig"; path = "Target Support Files/Pods-iosApp/Pods-iosApp.debug.xcconfig"; sourceTree = "<group>"; };
		750BF869EB1D3D141E59A2AD /* Assets.xcassets */ = {isa = PBXFileReference; lastKnownFileType = folder.assetcatalog; path = Assets.xcassets; sourceTree = "<group>"; };
		755C87BB2DE583E92C0DB459 /* KuiklyRenderViewPage.swift */ = {isa = PBXFileReference; lastKnownFileType = sourcecode.swift; path = KuiklyRenderViewPage.swift; sourceTree = "<group>"; };
		848D4E59D680988E8233C5BA /* Pods.xcodeproj */ = {isa = PBXFileReference; lastKnownFileType = "wrapper.pb-project"; name = Pods.xcodeproj; path = Pods/Pods.xcodeproj; sourceTree = "<group>"; };
		87E1B9DFCC0E10B2A1E628AE /* Podfile */ = {isa = PBXFileReference; lastKnownFileType = text; path = Podfile; sourceTree = "<group>"; };
		88086D2B382ADE371AAE1A57 /* ContentView.swift */ = {isa = PBXFileReference; lastKnownFileType = sourcecode.swift; path = ContentView.swift; sourceTree = "<group>"; };
		9834FDFFD541B72C11EEFD20 /* iosApp-Bridging-Header.h */ = {isa = PBXFileReference; lastKnownFileType = sourcecode.c.h; path = "iosApp-Bridging-Header.h"; sourceTree = "<group>"; };
		9F8FBBFF63463E28706F24D2 /* iosApp.app */ = {isa = PBXFileReference; explicitFileType = wrapper.application; includeInIndex = 0; path = iosApp.app; sourceTree = BUILT_PRODUCTS_DIR; };
		CFF132B182F55938F5B68FBA /* iosApp.swift */ = {isa = PBXFileReference; lastKnownFileType = sourcecode.swift; path = iosApp.swift; sourceTree = "<group>"; };
		E9C138C3752E37FF6E756721 /* KuiklyRenderViewController.h */ = {isa = PBXFileReference; lastKnownFileType = sourcecode.c.h; path = KuiklyRenderViewController.h; sourceTree = "<group>"; };
		FAA40AF1A2D2C5985CC98380 /* KuiklyRenderViewController.m */ = {isa = PBXFileReference; lastKnownFileType = sourcecode.c.objc; path = KuiklyRenderViewController.m; sourceTree = "<group>"; };
/* End PBXFileReference section */

/* Begin PBXFrameworksBuildPhase section */
		92CF20F0AF4BFC7B816C7810 /* Frameworks */ = {
			isa = PBXFrameworksBuildPhase;
			buildActionMask = 2147483647;
			files = (
				5EDFE3F8F7E4B21E0D3EC5A1 /* Pods.xcodeproj in Frameworks */,
				3DB71476A3064F19FFE89D33 /* Pods_iosApp.framework in Frameworks */,
			);
			runOnlyForDeploymentPostprocessing = 0;
		};
/* End PBXFrameworksBuildPhase section */

/* Begin PBXGroup section */
		0564C29F2F35B1C300FE7D7E /* Products */ = {
			isa = PBXGroup;
			children = (
				0564C2A72F35B1C300FE7D7E /* OpenKuiklyIOSRender.framework */,
				0564C2A92F35B1C300FE7D7E /* Pods_iosApp.framework */,
				0564C2AB2F35B1C300FE7D7E /* SDWebImage.framework */,
				0564C2AD2F35B1C300FE7D7E /* SDWebImage.bundle */,
			);
			name = Products;
			sourceTree = "<group>";
		};
		2FEB27268856B5FC92DCA7A8 /* iosApp */ = {
			isa = PBXGroup;
			children = (
				750BF869EB1D3D141E59A2AD /* Assets.xcassets */,
				88086D2B382ADE371AAE1A57 /* ContentView.swift */,
				41DA8A612E3CF7F251E4C8AD /* Info.plist */,
				9834FDFFD541B72C11EEFD20 /* iosApp-Bridging-Header.h */,
				CFF132B182F55938F5B68FBA /* iosApp.swift */,
				E9C138C3752E37FF6E756721 /* KuiklyRenderViewController.h */,
				FAA40AF1A2D2C5985CC98380 /* KuiklyRenderViewController.m */,
				755C87BB2DE583E92C0DB459 /* KuiklyRenderViewPage.swift */,
				87E1B9DFCC0E10B2A1E628AE /* Podfile */,
				07ADBFD2419CB84A2A6B10ED /* project.yml */,
			);
			name = iosApp;
			path = .;
			sourceTree = "<group>";
		};
		6E8D74D157D07278B01CA4E9 /* Products */ = {
			isa = PBXGroup;
			children = (
				9F8FBBFF63463E28706F24D2 /* iosApp.app */,
			);
			name = Products;
			sourceTree = "<group>";
		};
		BC6C9C5821D5BEC30680091D = {
			isa = PBXGroup;
			children = (
				2FEB27268856B5FC92DCA7A8 /* iosApp */,
				DB1F2A1C219AB5A642224327 /* Frameworks */,
				6E8D74D157D07278B01CA4E9 /* Products */,
				FF6DAAD21D25ECE80F5A6098 /* Pods */,
			);
			sourceTree = "<group>";
		};
		DB1F2A1C219AB5A642224327 /* Frameworks */ = {
			isa = PBXGroup;
			children = (
				848D4E59D680988E8233C5BA /* Pods.xcodeproj */,
				197E3A74CDB639A578EA8910 /* Pods_iosApp.framework */,
			);
			name = Frameworks;
			sourceTree = "<group>";
		};
		FF6DAAD21D25ECE80F5A6098 /* Pods */ = {
			isa = PBXGroup;
			children = (
				4ADB0C48AC21BADD60DB1B2E /* Pods-iosApp.debug.xcconfig */,
				138F660098E5643467138E54 /* Pods-iosApp.release.xcconfig */,
			);
			path = Pods;
			sourceTree = "<group>";
		};
/* End PBXGroup section */

/* Begin PBXNativeTarget section */
		24669AB1F274F3F9BCE9EFB4 /* iosApp */ = {
			isa = PBXNativeTarget;
			buildConfigurationList = 296DF5ACBE827F97CC940E19 /* Build configuration list for PBXNativeTarget "iosApp" */;
			buildPhases = (
				81C490D97E0EA4F522CA0B89 /* [CP] Check Pods Manifest.lock */,
				83F50762D61CE22ED59B450C /* Sources */,
				C8719296E794DF3122BC6C6F /* Resources */,
				92CF20F0AF4BFC7B816C7810 /* Frameworks */,
				85BBBA441CAC2A8EDBD6FEF5 /* [CP] Embed Pods Frameworks */,
				4B7A81781A751F9063284683 /* [CP] Copy Pods Resources */,
			);
			buildRules = (
			);
			dependencies = (
			);
			name = iosApp;
			productName = iosApp;
			productReference = 9F8FBBFF63463E28706F24D2 /* iosApp.app */;
			productType = "com.apple.product-type.application";
		};
/* End PBXNativeTarget section */

/* Begin PBXProject section */
		5F0AFC023EBFC76A59CB86C5 /* Project object */ = {
			isa = PBXProject;
			attributes = {
				BuildIndependentTargetsInParallel = YES;
				LastUpgradeCheck = 1430;
			};
			buildConfigurationList = 58C408EAF699A40E6593212A /* Build configuration list for PBXProject "GearUISample" */;
			compatibilityVersion = "Xcode 14.0";
			developmentRegion = en;
			hasScannedForEncodings = 0;
			knownRegions = (
				Base,
				en,
			);
			mainGroup = BC6C9C5821D5BEC30680091D;
			productRefGroup = 6E8D74D157D07278B01CA4E9 /* Products */;
			projectDirPath = "";
			projectReferences = (
				{
					ProductGroup = 0564C29F2F35B1C300FE7D7E /* Products */;
					ProjectRef = 848D4E59D680988E8233C5BA /* Pods.xcodeproj */;
				},
			);
			projectRoot = "";
			targets = (
				24669AB1F274F3F9BCE9EFB4 /* iosApp */,
			);
		};
/* End PBXProject section */

/* Begin PBXReferenceProxy section */
		0564C2A72F35B1C300FE7D7E /* OpenKuiklyIOSRender.framework */ = {
			isa = PBXReferenceProxy;
			fileType = wrapper.framework;
			path = OpenKuiklyIOSRender.framework;
			remoteRef = 0564C2A62F35B1C300FE7D7E /* PBXContainerItemProxy */;
			sourceTree = BUILT_PRODUCTS_DIR;
		};
		0564C2A92F35B1C300FE7D7E /* Pods_iosApp.framework */ = {
			isa = PBXReferenceProxy;
			fileType = wrapper.framework;
			path = Pods_iosApp.framework;
			remoteRef = 0564C2A82F35B1C300FE7D7E /* PBXContainerItemProxy */;
			sourceTree = BUILT_PRODUCTS_DIR;
		};
		0564C2AB2F35B1C300FE7D7E /* SDWebImage.framework */ = {
			isa = PBXReferenceProxy;
			fileType = wrapper.framework;
			path = SDWebImage.framework;
			remoteRef = 0564C2AA2F35B1C300FE7D7E /* PBXContainerItemProxy */;
			sourceTree = BUILT_PRODUCTS_DIR;
		};
		0564C2AD2F35B1C300FE7D7E /* SDWebImage.bundle */ = {
			isa = PBXReferenceProxy;
			fileType = wrapper.cfbundle;
			path = SDWebImage.bundle;
			remoteRef = 0564C2AC2F35B1C300FE7D7E /* PBXContainerItemProxy */;
			sourceTree = BUILT_PRODUCTS_DIR;
		};
/* End PBXReferenceProxy section */

/* Begin PBXResourcesBuildPhase section */
		C8719296E794DF3122BC6C6F /* Resources */ = {
			isa = PBXResourcesBuildPhase;
			buildActionMask = 2147483647;
			files = (
				EFA98E5CFD6269B084AA687C /* Assets.xcassets in Resources */,
				4822EA8AB5F957A5277CB7FC /* project.yml in Resources */,
			);
			runOnlyForDeploymentPostprocessing = 0;
		};
/* End PBXResourcesBuildPhase section */

/* Begin PBXShellScriptBuildPhase section */
		4B7A81781A751F9063284683 /* [CP] Copy Pods Resources */ = {
			isa = PBXShellScriptBuildPhase;
			buildActionMask = 2147483647;
			files = (
			);
			inputFileListPaths = (
				"${PODS_ROOT}/Target Support Files/Pods-iosApp/Pods-iosApp-resources-${CONFIGURATION}-input-files.xcfilelist",
			);
			name = "[CP] Copy Pods Resources";
			outputFileListPaths = (
				"${PODS_ROOT}/Target Support Files/Pods-iosApp/Pods-iosApp-resources-${CONFIGURATION}-output-files.xcfilelist",
			);
			runOnlyForDeploymentPostprocessing = 0;
			shellPath = /bin/sh;
			shellScript = "\"${PODS_ROOT}/Target Support Files/Pods-iosApp/Pods-iosApp-resources.sh\"\n";
			showEnvVarsInLog = 0;
		};
		81C490D97E0EA4F522CA0B89 /* [CP] Check Pods Manifest.lock */ = {
			isa = PBXShellScriptBuildPhase;
			buildActionMask = 2147483647;
			files = (
			);
			inputFileListPaths = (
			);
			inputPaths = (
				"${PODS_PODFILE_DIR_PATH}/Podfile.lock",
				"${PODS_ROOT}/Manifest.lock",
			);
			name = "[CP] Check Pods Manifest.lock";
			outputFileListPaths = (
			);
			outputPaths = (
				"$(DERIVED_FILE_DIR)/Pods-iosApp-checkManifestLockResult.txt",
			);
			runOnlyForDeploymentPostprocessing = 0;
			shellPath = /bin/sh;
			shellScript = "diff \"${PODS_PODFILE_DIR_PATH}/Podfile.lock\" \"${PODS_ROOT}/Manifest.lock\" > /dev/null\nif [ $? != 0 ] ; then\n    # print error to STDERR\n    echo \"error: The sandbox is not in sync with the Podfile.lock. Run 'pod install' or update your CocoaPods installation.\" >&2\n    exit 1\nfi\n# This output is used by Xcode 'outputs' to avoid re-running this script phase.\necho \"SUCCESS\" > \"${SCRIPT_OUTPUT_FILE_0}\"\n";
			showEnvVarsInLog = 0;
		};
		85BBBA441CAC2A8EDBD6FEF5 /* [CP] Embed Pods Frameworks */ = {
			isa = PBXShellScriptBuildPhase;
			buildActionMask = 2147483647;
			files = (
			);
			inputFileListPaths = (
				"${PODS_ROOT}/Target Support Files/Pods-iosApp/Pods-iosApp-frameworks-${CONFIGURATION}-input-files.xcfilelist",
			);
			name = "[CP] Embed Pods Frameworks";
			outputFileListPaths = (
				"${PODS_ROOT}/Target Support Files/Pods-iosApp/Pods-iosApp-frameworks-${CONFIGURATION}-output-files.xcfilelist",
			);
			runOnlyForDeploymentPostprocessing = 0;
			shellPath = /bin/sh;
			shellScript = "\"${PODS_ROOT}/Target Support Files/Pods-iosApp/Pods-iosApp-frameworks.sh\"\n";
			showEnvVarsInLog = 0;
		};
/* End PBXShellScriptBuildPhase section */

/* Begin PBXSourcesBuildPhase section */
		83F50762D61CE22ED59B450C /* Sources */ = {
			isa = PBXSourcesBuildPhase;
			buildActionMask = 2147483647;
			files = (
				DC0A7F0AEF1BF6CE3E6F24A7 /* ContentView.swift in Sources */,
				BE343F675912DE31CD772CA6 /* KuiklyRenderViewController.m in Sources */,
				6C9A5F7DDB86109358F85D5E /* KuiklyRenderViewPage.swift in Sources */,
				8B01BA54D5C99B4D5A2AC645 /* iosApp.swift in Sources */,
			);
			runOnlyForDeploymentPostprocessing = 0;
		};
/* End PBXSourcesBuildPhase section */

/* Begin XCBuildConfiguration section */
		90F403728E8DBCEFD98F28BC /* Debug */ = {
			isa = XCBuildConfiguration;
			buildSettings = {
				ALWAYS_SEARCH_USER_PATHS = NO;
				CLANG_ANALYZER_NONNULL = YES;
				CLANG_ANALYZER_NUMBER_OBJECT_CONVERSION = YES_AGGRESSIVE;
				CLANG_CXX_LANGUAGE_STANDARD = "gnu++14";
				CLANG_CXX_LIBRARY = "libc++";
				CLANG_ENABLE_MODULES = YES;
				CLANG_ENABLE_OBJC_ARC = YES;
				CLANG_ENABLE_OBJC_WEAK = YES;
				CLANG_WARN_BLOCK_CAPTURE_AUTORELEASING = YES;
				CLANG_WARN_BOOL_CONVERSION = YES;
				CLANG_WARN_COMMA = YES;
				CLANG_WARN_CONSTANT_CONVERSION = YES;
				CLANG_WARN_DEPRECATED_OBJC_IMPLEMENTATIONS = YES;
				CLANG_WARN_DIRECT_OBJC_ISA_USAGE = YES_ERROR;
				CLANG_WARN_DOCUMENTATION_COMMENTS = YES;
				CLANG_WARN_EMPTY_BODY = YES;
				CLANG_WARN_ENUM_CONVERSION = YES;
				CLANG_WARN_INFINITE_RECURSION = YES;
				CLANG_WARN_INT_CONVERSION = YES;
				CLANG_WARN_NON_LITERAL_NULL_CONVERSION = YES;
				CLANG_WARN_OBJC_IMPLICIT_RETAIN_SELF = YES;
				CLANG_WARN_OBJC_LITERAL_CONVERSION = YES;
				CLANG_WARN_OBJC_ROOT_CLASS = YES_ERROR;
				CLANG_WARN_QUOTED_INCLUDE_IN_FRAMEWORK_HEADER = YES;
				CLANG_WARN_RANGE_LOOP_ANALYSIS = YES;
				CLANG_WARN_STRICT_PROTOTYPES = YES;
				CLANG_WARN_SUSPICIOUS_MOVE = YES;
				CLANG_WARN_UNGUARDED_AVAILABILITY = YES_AGGRESSIVE;
				CLANG_WARN_UNREACHABLE_CODE = YES;
				CLANG_WARN__DUPLICATE_METHOD_MATCH = YES;
				COPY_PHASE_STRIP = NO;
				DEBUG_INFORMATION_FORMAT = dwarf;
				ENABLE_STRICT_OBJC_MSGSEND = YES;
				ENABLE_TESTABILITY = YES;
				GCC_C_LANGUAGE_STANDARD = gnu11;
				GCC_DYNAMIC_NO_PIC = NO;
				GCC_NO_COMMON_BLOCKS = YES;
				GCC_OPTIMIZATION_LEVEL = 0;
				GCC_PREPROCESSOR_DEFINITIONS = (
					"$(inherited)",
					"DEBUG=1",
				);
				GCC_WARN_64_TO_32_BIT_CONVERSION = YES;
				GCC_WARN_ABOUT_RETURN_TYPE = YES_ERROR;
				GCC_WARN_UNDECLARED_SELECTOR = YES;
				GCC_WARN_UNINITIALIZED_AUTOS = YES_AGGRESSIVE;
				GCC_WARN_UNUSED_FUNCTION = YES;
				GCC_WARN_UNUSED_VARIABLE = YES;
				IPHONEOS_DEPLOYMENT_TARGET = 14.0;
				MTL_ENABLE_DEBUG_INFO = INCLUDE_SOURCE;
				MTL_FAST_MATH = YES;
				ONLY_ACTIVE_ARCH = YES;
				PRODUCT_NAME = "$(TARGET_NAME)";
				SDKROOT = iphoneos;
				SWIFT_ACTIVE_COMPILATION_CONDITIONS = DEBUG;
				SWIFT_OPTIMIZATION_LEVEL = "-Onone";
				SWIFT_VERSION = 5.0;
			};
			name = Debug;
		};
		A5301D540F8D9F52F9D07E1E /* Release */ = {
			isa = XCBuildConfiguration;
			baseConfigurationReference = 138F660098E5643467138E54 /* Pods-iosApp.release.xcconfig */;
			buildSettings = {
				ASSETCATALOG_COMPILER_APPICON_NAME = AppIcon;
				CODE_SIGN_IDENTITY = "iPhone Developer";
				FRAMEWORK_SEARCH_PATHS = (
					"$(inherited)",
					"\"Pods\"",
				);
				INFOPLIST_FILE = Info.plist;
				LD_RUNPATH_SEARCH_PATHS = (
					"$(inherited)",
					"@executable_path/Frameworks",
				);
				PRODUCT_BUNDLE_IDENTIFIER = com.gearui.kit.sample;
				SDKROOT = iphoneos;
				SWIFT_OBJC_BRIDGING_HEADER = "iosApp-Bridging-Header.h";
				TARGETED_DEVICE_FAMILY = "1,2";
			};
			name = Release;
		};
		B2B2C78EFF7FF04268246380 /* Release */ = {
			isa = XCBuildConfiguration;
			buildSettings = {
				ALWAYS_SEARCH_USER_PATHS = NO;
				CLANG_ANALYZER_NONNULL = YES;
				CLANG_ANALYZER_NUMBER_OBJECT_CONVERSION = YES_AGGRESSIVE;
				CLANG_CXX_LANGUAGE_STANDARD = "gnu++14";
				CLANG_CXX_LIBRARY = "libc++";
				CLANG_ENABLE_MODULES = YES;
				CLANG_ENABLE_OBJC_ARC = YES;
				CLANG_ENABLE_OBJC_WEAK = YES;
				CLANG_WARN_BLOCK_CAPTURE_AUTORELEASING = YES;
				CLANG_WARN_BOOL_CONVERSION = YES;
				CLANG_WARN_COMMA = YES;
				CLANG_WARN_CONSTANT_CONVERSION = YES;
				CLANG_WARN_DEPRECATED_OBJC_IMPLEMENTATIONS = YES;
				CLANG_WARN_DIRECT_OBJC_ISA_USAGE = YES_ERROR;
				CLANG_WARN_DOCUMENTATION_COMMENTS = YES;
				CLANG_WARN_EMPTY_BODY = YES;
				CLANG_WARN_ENUM_CONVERSION = YES;
				CLANG_WARN_INFINITE_RECURSION = YES;
				CLANG_WARN_INT_CONVERSION = YES;
				CLANG_WARN_NON_LITERAL_NULL_CONVERSION = YES;
				CLANG_WARN_OBJC_IMPLICIT_RETAIN_SELF = YES;
				CLANG_WARN_OBJC_LITERAL_CONVERSION = YES;
				CLANG_WARN_OBJC_ROOT_CLASS = YES_ERROR;
				CLANG_WARN_QUOTED_INCLUDE_IN_FRAMEWORK_HEADER = YES;
				CLANG_WARN_RANGE_LOOP_ANALYSIS = YES;
				CLANG_WARN_STRICT_PROTOTYPES = YES;
				CLANG_WARN_SUSPICIOUS_MOVE = YES;
				CLANG_WARN_UNGUARDED_AVAILABILITY = YES_AGGRESSIVE;
				CLANG_WARN_UNREACHABLE_CODE = YES;
				CLANG_WARN__DUPLICATE_METHOD_MATCH = YES;
				COPY_PHASE_STRIP = NO;
				DEBUG_INFORMATION_FORMAT = "dwarf-with-dsym";
				ENABLE_NS_ASSERTIONS = NO;
				ENABLE_STRICT_OBJC_MSGSEND = YES;
				GCC_C_LANGUAGE_STANDARD = gnu11;
				GCC_NO_COMMON_BLOCKS = YES;
				GCC_WARN_64_TO_32_BIT_CONVERSION = YES;
				GCC_WARN_ABOUT_RETURN_TYPE = YES_ERROR;
				GCC_WARN_UNDECLARED_SELECTOR = YES;
				GCC_WARN_UNINITIALIZED_AUTOS = YES_AGGRESSIVE;
				GCC_WARN_UNUSED_FUNCTION = YES;
				GCC_WARN_UNUSED_VARIABLE = YES;
				IPHONEOS_DEPLOYMENT_TARGET = 14.0;
				MTL_ENABLE_DEBUG_INFO = NO;
				MTL_FAST_MATH = YES;
				PRODUCT_NAME = "$(TARGET_NAME)";
				SDKROOT = iphoneos;
				SWIFT_COMPILATION_MODE = wholemodule;
				SWIFT_OPTIMIZATION_LEVEL = "-O";
				SWIFT_VERSION = 5.0;
			};
			name = Release;
		};
		E3F586BE2EB0C335DCB884CD /* Debug */ = {
			isa = XCBuildConfiguration;
			baseConfigurationReference = 4ADB0C48AC21BADD60DB1B2E /* Pods-iosApp.debug.xcconfig */;
			buildSettings = {
				ASSETCATALOG_COMPILER_APPICON_NAME = AppIcon;
				CODE_SIGN_IDENTITY = "iPhone Developer";
				FRAMEWORK_SEARCH_PATHS = (
					"$(inherited)",
					"\"Pods\"",
				);
				INFOPLIST_FILE = Info.plist;
				LD_RUNPATH_SEARCH_PATHS = (
					"$(inherited)",
					"@executable_path/Frameworks",
				);
				PRODUCT_BUNDLE_IDENTIFIER = com.gearui.kit.sample;
				SDKROOT = iphoneos;
				SWIFT_OBJC_BRIDGING_HEADER = "iosApp-Bridging-Header.h";
				TARGETED_DEVICE_FAMILY = "1,2";
			};
			name = Debug;
		};
/* End XCBuildConfiguration section */

/* Begin XCConfigurationList section */
		296DF5ACBE827F97CC940E19 /* Build configuration list for PBXNativeTarget "iosApp" */ = {
			isa = XCConfigurationList;
			buildConfigurations = (
				E3F586BE2EB0C335DCB884CD /* Debug */,
				A5301D540F8D9F52F9D07E1E /* Release */,
			);
			defaultConfigurationIsVisible = 0;
			defaultConfigurationName = Debug;
		};
		58C408EAF699A40E6593212A /* Build configuration list for PBXProject "GearUISample" */ = {
			isa = XCConfigurationList;
			buildConfigurations = (
				90F403728E8DBCEFD98F28BC /* Debug */,
				B2B2C78EFF7FF04268246380 /* Release */,
			);
			defaultConfigurationIsVisible = 0;
			defaultConfigurationName = Debug;
		};
/* End XCConfigurationList section */
	};
	rootObject = 5F0AFC023EBFC76A59CB86C5 /* Project object */;
}
